// !$*UTF8*$!
{
	archiveVersion = 1;
	classes = {
	};
	objectVersion = 50;
	objects = {

/* Begin PBXBuildFile section */
		F32D61F3236C99830001559E /* AppDelegate.swift in Sources */ = {isa = PBXBuildFile; fileRef = F32D61F2236C99830001559E /* AppDelegate.swift */; };
		F32D61F5236C99830001559E /* SceneDelegate.swift in Sources */ = {isa = PBXBuildFile; fileRef = F32D61F4236C99830001559E /* SceneDelegate.swift */; };
		F32D61F7236C99830001559E /* ViewController.swift in Sources */ = {isa = PBXBuildFile; fileRef = F32D61F6236C99830001559E /* ViewController.swift */; };
		F32D61FA236C99830001559E /* Main.storyboard in Resources */ = {isa = PBXBuildFile; fileRef = F32D61F8236C99830001559E /* Main.storyboard */; };
		F32D61FC236C99880001559E /* Assets.xcassets in Resources */ = {isa = PBXBuildFile; fileRef = F32D61FB236C99880001559E /* Assets.xcassets */; };
		F32D61FF236C99880001559E /* LaunchScreen.storyboard in Resources */ = {isa = PBXBuildFile; fileRef = F32D61FD236C99880001559E /* LaunchScreen.storyboard */; };
		F32D6207236C9AE40001559E /* TableViewController.swift in Sources */ = {isa = PBXBuildFile; fileRef = F32D6206236C9AE40001559E /* TableViewController.swift */; };
/* End PBXBuildFile section */

/* Begin PBXFileReference section */
		F32D61EF236C99830001559E /* xrdsDictionary.app */ = {isa = PBXFileReference; explicitFileType = wrapper.application; includeInIndex = 0; path = xrdsDictionary.app; sourceTree = BUILT_PRODUCTS_DIR; };
		F32D61F2236C99830001559E /* AppDelegate.swift */ = {isa = PBXFileReference; lastKnownFileType = sourcecode.swift; path = AppDelegate.swift; sourceTree = "<group>"; };
		F32D61F4236C99830001559E /* SceneDelegate.swift */ = {isa = PBXFileReference; lastKnownFileType = sourcecode.swift; path = SceneDelegate.swift; sourceTree = "<group>"; };
		F32D61F6236C99830001559E /* ViewController.swift */ = {isa = PBXFileReference; lastKnownFileType = sourcecode.swift; path = ViewController.swift; sourceTree = "<group>"; };
		F32D61F9236C99830001559E /* Base */ = {isa = PBXFileReference; lastKnownFileType = file.storyboard; name = Base; path = Base.lproj/Main.storyboard; sourceTree = "<group>"; };
		F32D61FB236C99880001559E /* Assets.xcassets */ = {isa = PBXFileReference; lastKnownFileType = folder.assetcatalog; path = Assets.xcassets; sourceTree = "<group>"; };
		F32D61FE236C99880001559E /* Base */ = {isa = PBXFileReference; lastKnownFileType = file.storyboard; name = Base; path = Base.lproj/LaunchScreen.storyboard; sourceTree = "<group>"; };
		F32D6200236C99880001559E /* Info.plist */ = {isa = PBXFileReference; lastKnownFileType = text.plist.xml; path = Info.plist; sourceTree = "<group>"; };
		F32D6206236C9AE40001559E /* TableViewController.swift */ = {isa = PBXFileReference; lastKnownFileType = sourcecode.swift; path = TableViewController.swift; sourceTree = "<group>"; };
/* End PBXFileReference section */

/* Begin PBXFrameworksBuildPhase section */
		F32D61EC236C99830001559E /* Frameworks */ = {
			isa = PBXFrameworksBuildPhase;
			buildActionMask = 2147483647;
			files = (
			);
			runOnlyForDeploymentPostprocessing = 0;
		};
/* End PBXFrameworksBuildPhase section */

/* Begin PBXGroup section */
		F32D61E6236C99830001559E = {
			isa = PBXGroup;
			children = (
				F32D61F1236C99830001559E /* xrdsDictionary */,
				F32D61F0236C99830001559E /* Products */,
			);
			sourceTree = "<group>";
		};
		F32D61F0236C99830001559E /* Products */ = {
			isa = PBXGroup;
			children = (
				F32D61EF236C99830001559E /* xrdsDictionary.app */,
			);
			name = Products;
			sourceTree = "<group>";
		};
		F32D61F1236C99830001559E /* xrdsDictionary */ = {
			isa = PBXGroup;
			children = (
				F32D61F2236C99830001559E /* AppDelegate.swift */,
				F32D61F4236C99830001559E /* SceneDelegate.swift */,
				F32D61F6236C99830001559E /* ViewController.swift */,
				F32D61F8236C99830001559E /* Main.storyboard */,
				F32D6206236C9AE40001559E /* TableViewController.swift */,
				F32D61FB236C99880001559E /* Assets.xcassets */,
				F32D61FD236C99880001559E /* LaunchScreen.storyboard */,
				F32D6200236C99880001559E /* Info.plist */,
			);
			path = xrdsDictionary;
			sourceTree = "<group>";
		};
/* End PBXGroup section */

/* Begin PBXNativeTarget section */
		F32D61EE236C99830001559E /* xrdsDictionary */ = {
			isa = PBXNativeTarget;
			buildConfigurationList = F32D6203236C99880001559E /* Build configuration list for PBXNativeTarget "xrdsDictionary" */;
			buildPhases = (
				F32D61EB236C99830001559E /* Sources */,
				F32D61EC236C99830001559E /* Frameworks */,
				F32D61ED236C99830001559E /* Resources */,
			);
			buildRules = (
			);
			dependencies = (
			);
			name = xrdsDictionary;
			productName = xrdsDictionary;
			productReference = F32D61EF236C99830001559E /* xrdsDictionary.app */;
			productType = "com.apple.product-type.application";
		};
/* End PBXNativeTarget section */

/* Begin PBXProject section */
		F32D61E7236C99830001559E /* Project object */ = {
			isa = PBXProject;
			attributes = {
				LastSwiftUpdateCheck = 1110;
				LastUpgradeCheck = 1110;
				ORGANIZATIONNAME = "Elena Fis";
				TargetAttributes = {
					F32D61EE236C99830001559E = {
						CreatedOnToolsVersion = 11.1;
					};
				};
			};
			buildConfigurationList = F32D61EA236C99830001559E /* Build configuration list for PBXProject "xrdsDictionary" */;
			compatibilityVersion = "Xcode 9.3";
			developmentRegion = en;
			hasScannedForEncodings = 0;
			knownRegions = (
				en,
				Base,
			);
			mainGroup = F32D61E6236C99830001559E;
			productRefGroup = F32D61F0236C99830001559E /* Products */;
			projectDirPath = "";
			projectRoot = "";
			targets = (
				F32D61EE236C99830001559E /* xrdsDictionary */,
			);
		};
/* End PBXProject section */

/* Begin PBXResourcesBuildPhase section */
		F32D61ED236C99830001559E /* Resources */ = {
			isa = PBXResourcesBuildPhase;
			buildActionMask = 2147483647;
			files = (
				F32D61FF236C99880001559E /* LaunchScreen.storyboard in Resources */,
				F32D61FC236C99880001559E /* Assets.xcassets in Resources */,
				F32D61FA236C99830001559E /* Main.storyboard in Resources */,
			);
			runOnlyForDeploymentPostprocessing = 0;
		};
/* End PBXResourcesBuildPhase section */

/* Begin PBXSourcesBuildPhase section */
		F32D61EB236C99830001559E /* Sources */ = {
			isa = PBXSourcesBuildPhase;
			buildActionMask = 2147483647;
			files = (
				F32D61F7236C99830001559E /* ViewController.swift in Sources */,
				F32D61F3236C99830001559E /* AppDelegate.swift in Sources */,
				F32D61F5236C99830001559E /* SceneDelegate.swift in Sources */,
				F32D6207236C9AE40001559E /* TableViewController.swift in Sources */,
			);
			runOnlyForDeploymentPostprocessing = 0;
		};
/* End PBXSourcesBuildPhase section */

/* Begin PBXVariantGroup section */
		F32D61F8236C99830001559E /* Main.storyboard */ = {
			isa = PBXVariantGroup;
			children = (
				F32D61F9236C99830001559E /* Base */,
			);
			name = Main.storyboard;
			sourceTree = "<group>";
		};
		F32D61FD236C99880001559E /* LaunchScreen.storyboard */ = {
			isa = PBXVariantGroup;
			children = (
				F32D61FE236C99880001559E /* Base */,
			);
			name = LaunchScreen.storyboard;
			sourceTree = "<group>";
		};
/* End PBXVariantGroup section */

/* Begin XCBuildConfiguration section */
		F32D6201236C99880001559E /* Debug */ = {
			isa = XCBuildConfiguration;
			buildSettings = {
				ALWAYS_SEARCH_USER_PATHS = NO;
				CLANG_ANALYZER_NONNULL = YES;
				CLANG_ANALYZER_NUMBER_OBJECT_CONVERSION = YES_AGGRESSIVE;
				CLANG_CXX_LANGUAGE_STANDARD = "gnu++14";
				CLANG_CXX_LIBRARY = "libc++";
				CLANG_ENABLE_MODULES = YES;
				CLANG_ENABLE_OBJC_ARC = YES;
				CLANG_ENABLE_OBJC_WEAK = YES;
				CLANG_WARN_BLOCK_CAPTURE_AUTORELEASING = YES;
				CLANG_WARN_BOOL_CONVERSION = YES;
				CLANG_WARN_COMMA = YES;
				CLANG_WARN_CONSTANT_CONVERSION = YES;
				CLANG_WARN_DEPRECATED_OBJC_IMPLEMENTATIONS = YES;
				CLANG_WARN_DIRECT_OBJC_ISA_USAGE = YES_ERROR;
				CLANG_WARN_DOCUMENTATION_COMMENTS = YES;
				CLANG_WARN_EMPTY_BODY = YES;
				CLANG_WARN_ENUM_CONVERSION = YES;
				CLANG_WARN_INFINITE_RECURSION = YES;
				CLANG_WARN_INT_CONVERSION = YES;
				CLANG_WARN_NON_LITERAL_NULL_CONVERSION = YES;
				CLANG_WARN_OBJC_IMPLICIT_RETAIN_SELF = YES;
				CLANG_WARN_OBJC_LITERAL_CONVERSION = YES;
				CLANG_WARN_OBJC_ROOT_CLASS = YES_ERROR;
				CLANG_WARN_RANGE_LOOP_ANALYSIS = YES;
				CLANG_WARN_STRICT_PROTOTYPES = YES;
				CLANG_WARN_SUSPICIOUS_MOVE = YES;
				CLANG_WARN_UNGUARDED_AVAILABILITY = YES_AGGRESSIVE;
				CLANG_WARN_UNREACHABLE_CODE = YES;
				CLANG_WARN__DUPLICATE_METHOD_MATCH = YES;
				COPY_PHASE_STRIP = NO;
				DEBUG_INFORMATION_FORMAT = dwarf;
				ENABLE_STRICT_OBJC_MSGSEND = YES;
				ENABLE_TESTABILITY = YES;
				GCC_C_LANGUAGE_STANDARD = gnu11;
				GCC_DYNAMIC_NO_PIC = NO;
				GCC_NO_COMMON_BLOCKS = YES;
				GCC_OPTIMIZATION_LEVEL = 0;
				GCC_PREPROCESSOR_DEFINITIONS = (
					"DEBUG=1",
					"$(inherited)",
				);
				GCC_WARN_64_TO_32_BIT_CONVERSION = YES;
				GCC_WARN_ABOUT_RETURN_TYPE = YES_ERROR;
				GCC_WARN_UNDECLARED_SELECTOR = YES;
				GCC_WARN_UNINITIALIZED_AUTOS = YES_AGGRESSIVE;
				GCC_WARN_UNUSED_FUNCTION = YES;
				GCC_WARN_UNUSED_VARIABLE = YES;
				IPHONEOS_DEPLOYMENT_TARGET = 13.1;
				MTL_ENABLE_DEBUG_INFO = INCLUDE_SOURCE;
				MTL_FAST_MATH = YES;
				ONLY_ACTIVE_ARCH = YES;
				SDKROOT = iphoneos;
				SWIFT_ACTIVE_COMPILATION_CONDITIONS = DEBUG;
				SWIFT_OPTIMIZATION_LEVEL = "-Onone";
			};
			name = Debug;
		};
		F32D6202236C99880001559E /* Release */ = {
			isa = XCBuildConfiguration;
			buildSettings = {
				ALWAYS_SEARCH_USER_PATHS = NO;
				CLANG_ANALYZER_NONNULL = YES;
				CLANG_ANALYZER_NUMBER_OBJECT_CONVERSION = YES_AGGRESSIVE;
				CLANG_CXX_LANGUAGE_STANDARD = "gnu++14";
				CLANG_CXX_LIBRARY = "libc++";
				CLANG_ENABLE_MODULES = YES;
				CLANG_ENABLE_OBJC_ARC = YES;
				CLANG_ENABLE_OBJC_WEAK = YES;
				CLANG_WARN_BLOCK_CAPTURE_AUTORELEASING = YES;
				CLANG_WARN_BOOL_CONVERSION = YES;
				CLANG_WARN_COMMA = YES;
				CLANG_WARN_CONSTANT_CONVERSION = YES;
				CLANG_WARN_DEPRECATED_OBJC_IMPLEMENTATIONS = YES;
				CLANG_WARN_DIRECT_OBJC_ISA_USAGE = YES_ERROR;
				CLANG_WARN_DOCUMENTATION_COMMENTS = YES;
				CLANG_WARN_EMPTY_BODY = YES;
				CLANG_WARN_ENUM_CONVERSION = YES;
				CLANG_WARN_INFINITE_RECURSION = YES;
				CLANG_WARN_INT_CONVERSION = YES;
				CLANG_WARN_NON_LITERAL_NULL_CONVERSION = YES;
				CLANG_WARN_OBJC_IMPLICIT_RETAIN_SELF = YES;
				CLANG_WARN_OBJC_LITERAL_CONVERSION = YES;
				CLANG_WARN_OBJC_ROOT_CLASS = YES_ERROR;
				CLANG_WARN_RANGE_LOOP_ANALYSIS = YES;
				CLANG_WARN_STRICT_PROTOTYPES = YES;
				CLANG_WARN_SUSPICIOUS_MOVE = YES;
				CLANG_WARN_UNGUARDED_AVAILABILITY = YES_AGGRESSIVE;
				CLANG_WARN_UNREACHABLE_CODE = YES;
				CLANG_WARN__DUPLICATE_METHOD_MATCH = YES;
				COPY_PHASE_STRIP = NO;
				DEBUG_INFORMATION_FORMAT = "dwarf-with-dsym";
				ENABLE_NS_ASSERTIONS = NO;
				ENABLE_STRICT_OBJC_MSGSEND = YES;
				GCC_C_LANGUAGE_STANDARD = gnu11;
				GCC_NO_COMMON_BLOCKS = YES;
				GCC_WARN_64_TO_32_BIT_CONVERSION = YES;
				GCC_WARN_ABOUT_RETURN_TYPE = YES_ERROR;
				GCC_WARN_UNDECLARED_SELECTOR = YES;
				GCC_WARN_UNINITIALIZED_AUTOS = YES_AGGRESSIVE;
				GCC_WARN_UNUSED_FUNCTION = YES;
				GCC_WARN_UNUSED_VARIABLE = YES;
				IPHONEOS_DEPLOYMENT_TARGET = 13.1;
				MTL_ENABLE_DEBUG_INFO = NO;
				MTL_FAST_MATH = YES;
				SDKROOT = iphoneos;
				SWIFT_COMPILATION_MODE = wholemodule;
				SWIFT_OPTIMIZATION_LEVEL = "-O";
				VALIDATE_PRODUCT = YES;
			};
			name = Release;
		};
		F32D6204236C99880001559E /* Debug */ = {
			isa = XCBuildConfiguration;
			buildSettings = {
				ASSETCATALOG_COMPILER_APPICON_NAME = AppIcon;
				CODE_SIGN_STYLE = Automatic;
				INFOPLIST_FILE = xrdsDictionary/Info.plist;
				LD_RUNPATH_SEARCH_PATHS = (
					"$(inherited)",
					"@executable_path/Frameworks",
				);
				PRODUCT_BUNDLE_IDENTIFIER = com.elenafis.xrdsDictionary;
				PRODUCT_NAME = "$(TARGET_NAME)";
				SWIFT_VERSION = 5.0;
				TARGETED_DEVICE_FAMILY = "1,2";
			};
			name = Debug;
		};
		F32D6205236C99880001559E /* Release */ = {
			isa = XCBuildConfiguration;
			buildSettings = {
				ASSETCATALOG_COMPILER_APPICON_NAME = AppIcon;
				CODE_SIGN_STYLE = Automatic;
				INFOPLIST_FILE = xrdsDictionary/Info.plist;
				LD_RUNPATH_SEARCH_PATHS = (
					"$(inherited)",
					"@executable_path/Frameworks",
				);
				PRODUCT_BUNDLE_IDENTIFIER = com.elenafis.xrdsDictionary;
				PRODUCT_NAME = "$(TARGET_NAME)";
				SWIFT_VERSION = 5.0;
				TARGETED_DEVICE_FAMILY = "1,2";
			};
			name = Release;
		};
/* End XCBuildConfiguration section */

/* Begin XCConfigurationList section */
		F32D61EA236C99830001559E /* Build configuration list for PBXProject "xrdsDictionary" */ = {
			isa = XCConfigurationList;
			buildConfigurations = (
				F32D6201236C99880001559E /* Debug */,
				F32D6202236C99880001559E /* Release */,
			);
			defaultConfigurationIsVisible = 0;
			defaultConfigurationName = Release;
		};
		F32D6203236C99880001559E /* Build configuration list for PBXNativeTarget "xrdsDictionary" */ = {
			isa = XCConfigurationList;
			buildConfigurations = (
				F32D6204236C99880001559E /* Debug */,
				F32D6205236C99880001559E /* Release */,
			);
			defaultConfigurationIsVisible = 0;
			defaultConfigurationName = Release;
		};
/* End XCConfigurationList section */
	};
	rootObject = F32D61E7236C99830001559E /* Project object */;
}
