// !$*UTF8*$!
{
	archiveVersion = 1;
	classes = {
	};
	objectVersion = 50;
	objects = {

/* Begin PBXBuildFile section */
		F3E6BB282333E33400B542A8 /* AppDelegate.swift in Sources */ = {isa = PBXBuildFile; fileRef = F3E6BB272333E33400B542A8 /* AppDelegate.swift */; };
		F3E6BB2A2333E33400B542A8 /* ViewController.swift in Sources */ = {isa = PBXBuildFile; fileRef = F3E6BB292333E33400B542A8 /* ViewController.swift */; };
		F3E6BB2D2333E33400B542A8 /* Main.storyboard in Resources */ = {isa = PBXBuildFile; fileRef = F3E6BB2B2333E33400B542A8 /* Main.storyboard */; };
		F3E6BB2F2333E33500B542A8 /* Assets.xcassets in Resources */ = {isa = PBXBuildFile; fileRef = F3E6BB2E2333E33500B542A8 /* Assets.xcassets */; };
		F3E6BB322333E33500B542A8 /* LaunchScreen.storyboard in Resources */ = {isa = PBXBuildFile; fileRef = F3E6BB302333E33500B542A8 /* LaunchScreen.storyboard */; };
		F3E6BB3D2333E33500B542A8 /* LabelAppTests.swift in Sources */ = {isa = PBXBuildFile; fileRef = F3E6BB3C2333E33500B542A8 /* LabelAppTests.swift */; };
		F3E6BB482333E33500B542A8 /* LabelAppUITests.swift in Sources */ = {isa = PBXBuildFile; fileRef = F3E6BB472333E33500B542A8 /* LabelAppUITests.swift */; };
/* End PBXBuildFile section */

/* Begin PBXContainerItemProxy section */
		F3E6BB392333E33500B542A8 /* PBXContainerItemProxy */ = {
			isa = PBXContainerItemProxy;
			containerPortal = F3E6BB1C2333E33400B542A8 /* Project object */;
			proxyType = 1;
			remoteGlobalIDString = F3E6BB232333E33400B542A8;
			remoteInfo = LabelApp;
		};
		F3E6BB442333E33500B542A8 /* PBXContainerItemProxy */ = {
			isa = PBXContainerItemProxy;
			containerPortal = F3E6BB1C2333E33400B542A8 /* Project object */;
			proxyType = 1;
			remoteGlobalIDString = F3E6BB232333E33400B542A8;
			remoteInfo = LabelApp;
		};
/* End PBXContainerItemProxy section */

/* Begin PBXFileReference section */
		F3E6BB242333E33400B542A8 /* LabelApp.app */ = {isa = PBXFileReference; explicitFileType = wrapper.application; includeInIndex = 0; path = LabelApp.app; sourceTree = BUILT_PRODUCTS_DIR; };
		F3E6BB272333E33400B542A8 /* AppDelegate.swift */ = {isa = PBXFileReference; lastKnownFileType = sourcecode.swift; path = AppDelegate.swift; sourceTree = "<group>"; };
		F3E6BB292333E33400B542A8 /* ViewController.swift */ = {isa = PBXFileReference; lastKnownFileType = sourcecode.swift; path = ViewController.swift; sourceTree = "<group>"; };
		F3E6BB2C2333E33400B542A8 /* Base */ = {isa = PBXFileReference; lastKnownFileType = file.storyboard; name = Base; path = Base.lproj/Main.storyboard; sourceTree = "<group>"; };
		F3E6BB2E2333E33500B542A8 /* Assets.xcassets */ = {isa = PBXFileReference; lastKnownFileType = folder.assetcatalog; path = Assets.xcassets; sourceTree = "<group>"; };
		F3E6BB312333E33500B542A8 /* Base */ = {isa = PBXFileReference; lastKnownFileType = file.storyboard; name = Base; path = Base.lproj/LaunchScreen.storyboard; sourceTree = "<group>"; };
		F3E6BB332333E33500B542A8 /* Info.plist */ = {isa = PBXFileReference; lastKnownFileType = text.plist.xml; path = Info.plist; sourceTree = "<group>"; };
		F3E6BB382333E33500B542A8 /* LabelAppTests.xctest */ = {isa = PBXFileReference; explicitFileType = wrapper.cfbundle; includeInIndex = 0; path = LabelAppTests.xctest; sourceTree = BUILT_PRODUCTS_DIR; };
		F3E6BB3C2333E33500B542A8 /* LabelAppTests.swift */ = {isa = PBXFileReference; lastKnownFileType = sourcecode.swift; path = LabelAppTests.swift; sourceTree = "<group>"; };
		F3E6BB3E2333E33500B542A8 /* Info.plist */ = {isa = PBXFileReference; lastKnownFileType = text.plist.xml; path = Info.plist; sourceTree = "<group>"; };
		F3E6BB432333E33500B542A8 /* LabelAppUITests.xctest */ = {isa = PBXFileReference; explicitFileType = wrapper.cfbundle; includeInIndex = 0; path = LabelAppUITests.xctest; sourceTree = BUILT_PRODUCTS_DIR; };
		F3E6BB472333E33500B542A8 /* LabelAppUITests.swift */ = {isa = PBXFileReference; lastKnownFileType = sourcecode.swift; path = LabelAppUITests.swift; sourceTree = "<group>"; };
		F3E6BB492333E33500B542A8 /* Info.plist */ = {isa = PBXFileReference; lastKnownFileType = text.plist.xml; path = Info.plist; sourceTree = "<group>"; };
/* End PBXFileReference section */

/* Begin PBXFrameworksBuildPhase section */
		F3E6BB212333E33400B542A8 /* Frameworks */ = {
			isa = PBXFrameworksBuildPhase;
			buildActionMask = 2147483647;
			files = (
			);
			runOnlyForDeploymentPostprocessing = 0;
		};
		F3E6BB352333E33500B542A8 /* Frameworks */ = {
			isa = PBXFrameworksBuildPhase;
			buildActionMask = 2147483647;
			files = (
			);
			runOnlyForDeploymentPostprocessing = 0;
		};
		F3E6BB402333E33500B542A8 /* Frameworks */ = {
			isa = PBXFrameworksBuildPhase;
			buildActionMask = 2147483647;
			files = (
			);
			runOnlyForDeploymentPostprocessing = 0;
		};
/* End PBXFrameworksBuildPhase section */

/* Begin PBXGroup section */
		F3E6BB1B2333E33400B542A8 = {
			isa = PBXGroup;
			children = (
				F3E6BB262333E33400B542A8 /* LabelApp */,
				F3E6BB3B2333E33500B542A8 /* LabelAppTests */,
				F3E6BB462333E33500B542A8 /* LabelAppUITests */,
				F3E6BB252333E33400B542A8 /* Products */,
			);
			sourceTree = "<group>";
		};
		F3E6BB252333E33400B542A8 /* Products */ = {
			isa = PBXGroup;
			children = (
				F3E6BB242333E33400B542A8 /* LabelApp.app */,
				F3E6BB382333E33500B542A8 /* LabelAppTests.xctest */,
				F3E6BB432333E33500B542A8 /* LabelAppUITests.xctest */,
			);
			name = Products;
			sourceTree = "<group>";
		};
		F3E6BB262333E33400B542A8 /* LabelApp */ = {
			isa = PBXGroup;
			children = (
				F3E6BB272333E33400B542A8 /* AppDelegate.swift */,
				F3E6BB292333E33400B542A8 /* ViewController.swift */,
				F3E6BB2B2333E33400B542A8 /* Main.storyboard */,
				F3E6BB2E2333E33500B542A8 /* Assets.xcassets */,
				F3E6BB302333E33500B542A8 /* LaunchScreen.storyboard */,
				F3E6BB332333E33500B542A8 /* Info.plist */,
			);
			path = LabelApp;
			sourceTree = "<group>";
		};
		F3E6BB3B2333E33500B542A8 /* LabelAppTests */ = {
			isa = PBXGroup;
			children = (
				F3E6BB3C2333E33500B542A8 /* LabelAppTests.swift */,
				F3E6BB3E2333E33500B542A8 /* Info.plist */,
			);
			path = LabelAppTests;
			sourceTree = "<group>";
		};
		F3E6BB462333E33500B542A8 /* LabelAppUITests */ = {
			isa = PBXGroup;
			children = (
				F3E6BB472333E33500B542A8 /* LabelAppUITests.swift */,
				F3E6BB492333E33500B542A8 /* Info.plist */,
			);
			path = LabelAppUITests;
			sourceTree = "<group>";
		};
/* End PBXGroup section */

/* Begin PBXNativeTarget section */
		F3E6BB232333E33400B542A8 /* LabelApp */ = {
			isa = PBXNativeTarget;
			buildConfigurationList = F3E6BB4C2333E33500B542A8 /* Build configuration list for PBXNativeTarget "LabelApp" */;
			buildPhases = (
				F3E6BB202333E33400B542A8 /* Sources */,
				F3E6BB212333E33400B542A8 /* Frameworks */,
				F3E6BB222333E33400B542A8 /* Resources */,
			);
			buildRules = (
			);
			dependencies = (
			);
			name = LabelApp;
			productName = LabelApp;
			productReference = F3E6BB242333E33400B542A8 /* LabelApp.app */;
			productType = "com.apple.product-type.application";
		};
		F3E6BB372333E33500B542A8 /* LabelAppTests */ = {
			isa = PBXNativeTarget;
			buildConfigurationList = F3E6BB4F2333E33500B542A8 /* Build configuration list for PBXNativeTarget "LabelAppTests" */;
			buildPhases = (
				F3E6BB342333E33500B542A8 /* Sources */,
				F3E6BB352333E33500B542A8 /* Frameworks */,
				F3E6BB362333E33500B542A8 /* Resources */,
			);
			buildRules = (
			);
			dependencies = (
				F3E6BB3A2333E33500B542A8 /* PBXTargetDependency */,
			);
			name = LabelAppTests;
			productName = LabelAppTests;
			productReference = F3E6BB382333E33500B542A8 /* LabelAppTests.xctest */;
			productType = "com.apple.product-type.bundle.unit-test";
		};
		F3E6BB422333E33500B542A8 /* LabelAppUITests */ = {
			isa = PBXNativeTarget;
			buildConfigurationList = F3E6BB522333E33500B542A8 /* Build configuration list for PBXNativeTarget "LabelAppUITests" */;
			buildPhases = (
				F3E6BB3F2333E33500B542A8 /* Sources */,
				F3E6BB402333E33500B542A8 /* Frameworks */,
				F3E6BB412333E33500B542A8 /* Resources */,
			);
			buildRules = (
			);
			dependencies = (
				F3E6BB452333E33500B542A8 /* PBXTargetDependency */,
			);
			name = LabelAppUITests;
			productName = LabelAppUITests;
			productReference = F3E6BB432333E33500B542A8 /* LabelAppUITests.xctest */;
			productType = "com.apple.product-type.bundle.ui-testing";
		};
/* End PBXNativeTarget section */

/* Begin PBXProject section */
		F3E6BB1C2333E33400B542A8 /* Project object */ = {
			isa = PBXProject;
			attributes = {
				LastSwiftUpdateCheck = 1030;
				LastUpgradeCheck = 1030;
				ORGANIZATIONNAME = "Elena Fis";
				TargetAttributes = {
					F3E6BB232333E33400B542A8 = {
						CreatedOnToolsVersion = 10.3;
					};
					F3E6BB372333E33500B542A8 = {
						CreatedOnToolsVersion = 10.3;
						TestTargetID = F3E6BB232333E33400B542A8;
					};
					F3E6BB422333E33500B542A8 = {
						CreatedOnToolsVersion = 10.3;
						TestTargetID = F3E6BB232333E33400B542A8;
					};
				};
			};
			buildConfigurationList = F3E6BB1F2333E33400B542A8 /* Build configuration list for PBXProject "LabelApp" */;
			compatibilityVersion = "Xcode 9.3";
			developmentRegion = en;
			hasScannedForEncodings = 0;
			knownRegions = (
				en,
				Base,
			);
			mainGroup = F3E6BB1B2333E33400B542A8;
			productRefGroup = F3E6BB252333E33400B542A8 /* Products */;
			projectDirPath = "";
			projectRoot = "";
			targets = (
				F3E6BB232333E33400B542A8 /* LabelApp */,
				F3E6BB372333E33500B542A8 /* LabelAppTests */,
				F3E6BB422333E33500B542A8 /* LabelAppUITests */,
			);
		};
/* End PBXProject section */

/* Begin PBXResourcesBuildPhase section */
		F3E6BB222333E33400B542A8 /* Resources */ = {
			isa = PBXResourcesBuildPhase;
			buildActionMask = 2147483647;
			files = (
				F3E6BB322333E33500B542A8 /* LaunchScreen.storyboard in Resources */,
				F3E6BB2F2333E33500B542A8 /* Assets.xcassets in Resources */,
				F3E6BB2D2333E33400B542A8 /* Main.storyboard in Resources */,
			);
			runOnlyForDeploymentPostprocessing = 0;
		};
		F3E6BB362333E33500B542A8 /* Resources */ = {
			isa = PBXResourcesBuildPhase;
			buildActionMask = 2147483647;
			files = (
			);
			runOnlyForDeploymentPostprocessing = 0;
		};
		F3E6BB412333E33500B542A8 /* Resources */ = {
			isa = PBXResourcesBuildPhase;
			buildActionMask = 2147483647;
			files = (
			);
			runOnlyForDeploymentPostprocessing = 0;
		};
/* End PBXResourcesBuildPhase section */

/* Begin PBXSourcesBuildPhase section */
		F3E6BB202333E33400B542A8 /* Sources */ = {
			isa = PBXSourcesBuildPhase;
			buildActionMask = 2147483647;
			files = (
				F3E6BB2A2333E33400B542A8 /* ViewController.swift in Sources */,
				F3E6BB282333E33400B542A8 /* AppDelegate.swift in Sources */,
			);
			runOnlyForDeploymentPostprocessing = 0;
		};
		F3E6BB342333E33500B542A8 /* Sources */ = {
			isa = PBXSourcesBuildPhase;
			buildActionMask = 2147483647;
			files = (
				F3E6BB3D2333E33500B542A8 /* LabelAppTests.swift in Sources */,
			);
			runOnlyForDeploymentPostprocessing = 0;
		};
		F3E6BB3F2333E33500B542A8 /* Sources */ = {
			isa = PBXSourcesBuildPhase;
			buildActionMask = 2147483647;
			files = (
				F3E6BB482333E33500B542A8 /* LabelAppUITests.swift in Sources */,
			);
			runOnlyForDeploymentPostprocessing = 0;
		};
/* End PBXSourcesBuildPhase section */

/* Begin PBXTargetDependency section */
		F3E6BB3A2333E33500B542A8 /* PBXTargetDependency */ = {
			isa = PBXTargetDependency;
			target = F3E6BB232333E33400B542A8 /* LabelApp */;
			targetProxy = F3E6BB392333E33500B542A8 /* PBXContainerItemProxy */;
		};
		F3E6BB452333E33500B542A8 /* PBXTargetDependency */ = {
			isa = PBXTargetDependency;
			target = F3E6BB232333E33400B542A8 /* LabelApp */;
			targetProxy = F3E6BB442333E33500B542A8 /* PBXContainerItemProxy */;
		};
/* End PBXTargetDependency section */

/* Begin PBXVariantGroup section */
		F3E6BB2B2333E33400B542A8 /* Main.storyboard */ = {
			isa = PBXVariantGroup;
			children = (
				F3E6BB2C2333E33400B542A8 /* Base */,
			);
			name = Main.storyboard;
			sourceTree = "<group>";
		};
		F3E6BB302333E33500B542A8 /* LaunchScreen.storyboard */ = {
			isa = PBXVariantGroup;
			children = (
				F3E6BB312333E33500B542A8 /* Base */,
			);
			name = LaunchScreen.storyboard;
			sourceTree = "<group>";
		};
/* End PBXVariantGroup section */

/* Begin XCBuildConfiguration section */
		F3E6BB4A2333E33500B542A8 /* Debug */ = {
			isa = XCBuildConfiguration;
			buildSettings = {
				ALWAYS_SEARCH_USER_PATHS = NO;
				CLANG_ANALYZER_NONNULL = YES;
				CLANG_ANALYZER_NUMBER_OBJECT_CONVERSION = YES_AGGRESSIVE;
				CLANG_CXX_LANGUAGE_STANDARD = "gnu++14";
				CLANG_CXX_LIBRARY = "libc++";
				CLANG_ENABLE_MODULES = YES;
				CLANG_ENABLE_OBJC_ARC = YES;
				CLANG_ENABLE_OBJC_WEAK = YES;
				CLANG_WARN_BLOCK_CAPTURE_AUTORELEASING = YES;
				CLANG_WARN_BOOL_CONVERSION = YES;
				CLANG_WARN_COMMA = YES;
				CLANG_WARN_CONSTANT_CONVERSION = YES;
				CLANG_WARN_DEPRECATED_OBJC_IMPLEMENTATIONS = YES;
				CLANG_WARN_DIRECT_OBJC_ISA_USAGE = YES_ERROR;
				CLANG_WARN_DOCUMENTATION_COMMENTS = YES;
				CLANG_WARN_EMPTY_BODY = YES;
				CLANG_WARN_ENUM_CONVERSION = YES;
				CLANG_WARN_INFINITE_RECURSION = YES;
				CLANG_WARN_INT_CONVERSION = YES;
				CLANG_WARN_NON_LITERAL_NULL_CONVERSION = YES;
				CLANG_WARN_OBJC_IMPLICIT_RETAIN_SELF = YES;
				CLANG_WARN_OBJC_LITERAL_CONVERSION = YES;
				CLANG_WARN_OBJC_ROOT_CLASS = YES_ERROR;
				CLANG_WARN_RANGE_LOOP_ANALYSIS = YES;
				CLANG_WARN_STRICT_PROTOTYPES = YES;
				CLANG_WARN_SUSPICIOUS_MOVE = YES;
				CLANG_WARN_UNGUARDED_AVAILABILITY = YES_AGGRESSIVE;
				CLANG_WARN_UNREACHABLE_CODE = YES;
				CLANG_WARN__DUPLICATE_METHOD_MATCH = YES;
				CODE_SIGN_IDENTITY = "iPhone Developer";
				COPY_PHASE_STRIP = NO;
				DEBUG_INFORMATION_FORMAT = dwarf;
				ENABLE_STRICT_OBJC_MSGSEND = YES;
				ENABLE_TESTABILITY = YES;
				GCC_C_LANGUAGE_STANDARD = gnu11;
				GCC_DYNAMIC_NO_PIC = NO;
				GCC_NO_COMMON_BLOCKS = YES;
				GCC_OPTIMIZATION_LEVEL = 0;
				GCC_PREPROCESSOR_DEFINITIONS = (
					"DEBUG=1",
					"$(inherited)",
				);
				GCC_WARN_64_TO_32_BIT_CONVERSION = YES;
				GCC_WARN_ABOUT_RETURN_TYPE = YES_ERROR;
				GCC_WARN_UNDECLARED_SELECTOR = YES;
				GCC_WARN_UNINITIALIZED_AUTOS = YES_AGGRESSIVE;
				GCC_WARN_UNUSED_FUNCTION = YES;
				GCC_WARN_UNUSED_VARIABLE = YES;
				IPHONEOS_DEPLOYMENT_TARGET = 12.4;
				MTL_ENABLE_DEBUG_INFO = INCLUDE_SOURCE;
				MTL_FAST_MATH = YES;
				ONLY_ACTIVE_ARCH = YES;
				SDKROOT = iphoneos;
				SWIFT_ACTIVE_COMPILATION_CONDITIONS = DEBUG;
				SWIFT_OPTIMIZATION_LEVEL = "-Onone";
			};
			name = Debug;
		};
		F3E6BB4B2333E33500B542A8 /* Release */ = {
			isa = XCBuildConfiguration;
			buildSettings = {
				ALWAYS_SEARCH_USER_PATHS = NO;
				CLANG_ANALYZER_NONNULL = YES;
				CLANG_ANALYZER_NUMBER_OBJECT_CONVERSION = YES_AGGRESSIVE;
				CLANG_CXX_LANGUAGE_STANDARD = "gnu++14";
				CLANG_CXX_LIBRARY = "libc++";
				CLANG_ENABLE_MODULES = YES;
				CLANG_ENABLE_OBJC_ARC = YES;
				CLANG_ENABLE_OBJC_WEAK = YES;
				CLANG_WARN_BLOCK_CAPTURE_AUTORELEASING = YES;
				CLANG_WARN_BOOL_CONVERSION = YES;
				CLANG_WARN_COMMA = YES;
				CLANG_WARN_CONSTANT_CONVERSION = YES;
				CLANG_WARN_DEPRECATED_OBJC_IMPLEMENTATIONS = YES;
				CLANG_WARN_DIRECT_OBJC_ISA_USAGE = YES_ERROR;
				CLANG_WARN_DOCUMENTATION_COMMENTS = YES;
				CLANG_WARN_EMPTY_BODY = YES;
				CLANG_WARN_ENUM_CONVERSION = YES;
				CLANG_WARN_INFINITE_RECURSION = YES;
				CLANG_WARN_INT_CONVERSION = YES;
				CLANG_WARN_NON_LITERAL_NULL_CONVERSION = YES;
				CLANG_WARN_OBJC_IMPLICIT_RETAIN_SELF = YES;
				CLANG_WARN_OBJC_LITERAL_CONVERSION = YES;
				CLANG_WARN_OBJC_ROOT_CLASS = YES_ERROR;
				CLANG_WARN_RANGE_LOOP_ANALYSIS = YES;
				CLANG_WARN_STRICT_PROTOTYPES = YES;
				CLANG_WARN_SUSPICIOUS_MOVE = YES;
				CLANG_WARN_UNGUARDED_AVAILABILITY = YES_AGGRESSIVE;
				CLANG_WARN_UNREACHABLE_CODE = YES;
				CLANG_WARN__DUPLICATE_METHOD_MATCH = YES;
				CODE_SIGN_IDENTITY = "iPhone Developer";
				COPY_PHASE_STRIP = NO;
				DEBUG_INFORMATION_FORMAT = "dwarf-with-dsym";
				ENABLE_NS_ASSERTIONS = NO;
				ENABLE_STRICT_OBJC_MSGSEND = YES;
				GCC_C_LANGUAGE_STANDARD = gnu11;
				GCC_NO_COMMON_BLOCKS = YES;
				GCC_WARN_64_TO_32_BIT_CONVERSION = YES;
				GCC_WARN_ABOUT_RETURN_TYPE = YES_ERROR;
				GCC_WARN_UNDECLARED_SELECTOR = YES;
				GCC_WARN_UNINITIALIZED_AUTOS = YES_AGGRESSIVE;
				GCC_WARN_UNUSED_FUNCTION = YES;
				GCC_WARN_UNUSED_VARIABLE = YES;
				IPHONEOS_DEPLOYMENT_TARGET = 12.4;
				MTL_ENABLE_DEBUG_INFO = NO;
				MTL_FAST_MATH = YES;
				SDKROOT = iphoneos;
				SWIFT_COMPILATION_MODE = wholemodule;
				SWIFT_OPTIMIZATION_LEVEL = "-O";
				VALIDATE_PRODUCT = YES;
			};
			name = Release;
		};
		F3E6BB4D2333E33500B542A8 /* Debug */ = {
			isa = XCBuildConfiguration;
			buildSettings = {
				ASSETCATALOG_COMPILER_APPICON_NAME = AppIcon;
				CODE_SIGN_STYLE = Automatic;
				INFOPLIST_FILE = LabelApp/Info.plist;
				LD_RUNPATH_SEARCH_PATHS = (
					"$(inherited)",
					"@executable_path/Frameworks",
				);
				PRODUCT_BUNDLE_IDENTIFIER = com.elenafis.LabelApp;
				PRODUCT_NAME = "$(TARGET_NAME)";
				SWIFT_VERSION = 5.0;
				TARGETED_DEVICE_FAMILY = "1,2";
			};
			name = Debug;
		};
		F3E6BB4E2333E33500B542A8 /* Release */ = {
			isa = XCBuildConfiguration;
			buildSettings = {
				ASSETCATALOG_COMPILER_APPICON_NAME = AppIcon;
				CODE_SIGN_STYLE = Automatic;
				INFOPLIST_FILE = LabelApp/Info.plist;
				LD_RUNPATH_SEARCH_PATHS = (
					"$(inherited)",
					"@executable_path/Frameworks",
				);
				PRODUCT_BUNDLE_IDENTIFIER = com.elenafis.LabelApp;
				PRODUCT_NAME = "$(TARGET_NAME)";
				SWIFT_VERSION = 5.0;
				TARGETED_DEVICE_FAMILY = "1,2";
			};
			name = Release;
		};
		F3E6BB502333E33500B542A8 /* Debug */ = {
			isa = XCBuildConfiguration;
			buildSettings = {
				ALWAYS_EMBED_SWIFT_STANDARD_LIBRARIES = YES;
				BUNDLE_LOADER = "$(TEST_HOST)";
				CODE_SIGN_STYLE = Automatic;
				INFOPLIST_FILE = LabelAppTests/Info.plist;
				LD_RUNPATH_SEARCH_PATHS = (
					"$(inherited)",
					"@executable_path/Frameworks",
					"@loader_path/Frameworks",
				);
				PRODUCT_BUNDLE_IDENTIFIER = com.elenafis.LabelAppTests;
				PRODUCT_NAME = "$(TARGET_NAME)";
				SWIFT_VERSION = 5.0;
				TARGETED_DEVICE_FAMILY = "1,2";
				TEST_HOST = "$(BUILT_PRODUCTS_DIR)/LabelApp.app/LabelApp";
			};
			name = Debug;
		};
		F3E6BB512333E33500B542A8 /* Release */ = {
			isa = XCBuildConfiguration;
			buildSettings = {
				ALWAYS_EMBED_SWIFT_STANDARD_LIBRARIES = YES;
				BUNDLE_LOADER = "$(TEST_HOST)";
				CODE_SIGN_STYLE = Automatic;
				INFOPLIST_FILE = LabelAppTests/Info.plist;
				LD_RUNPATH_SEARCH_PATHS = (
					"$(inherited)",
					"@executable_path/Frameworks",
					"@loader_path/Frameworks",
				);
				PRODUCT_BUNDLE_IDENTIFIER = com.elenafis.LabelAppTests;
				PRODUCT_NAME = "$(TARGET_NAME)";
				SWIFT_VERSION = 5.0;
				TARGETED_DEVICE_FAMILY = "1,2";
				TEST_HOST = "$(BUILT_PRODUCTS_DIR)/LabelApp.app/LabelApp";
			};
			name = Release;
		};
		F3E6BB532333E33500B542A8 /* Debug */ = {
			isa = XCBuildConfiguration;
			buildSettings = {
				ALWAYS_EMBED_SWIFT_STANDARD_LIBRARIES = YES;
				CODE_SIGN_STYLE = Automatic;
				INFOPLIST_FILE = LabelAppUITests/Info.plist;
				LD_RUNPATH_SEARCH_PATHS = (
					"$(inherited)",
					"@executable_path/Frameworks",
					"@loader_path/Frameworks",
				);
				PRODUCT_BUNDLE_IDENTIFIER = com.elenafis.LabelAppUITests;
				PRODUCT_NAME = "$(TARGET_NAME)";
				SWIFT_VERSION = 5.0;
				TARGETED_DEVICE_FAMILY = "1,2";
				TEST_TARGET_NAME = LabelApp;
			};
			name = Debug;
		};
		F3E6BB542333E33500B542A8 /* Release */ = {
			isa = XCBuildConfiguration;
			buildSettings = {
				ALWAYS_EMBED_SWIFT_STANDARD_LIBRARIES = YES;
				CODE_SIGN_STYLE = Automatic;
				INFOPLIST_FILE = LabelAppUITests/Info.plist;
				LD_RUNPATH_SEARCH_PATHS = (
					"$(inherited)",
					"@executable_path/Frameworks",
					"@loader_path/Frameworks",
				);
				PRODUCT_BUNDLE_IDENTIFIER = com.elenafis.LabelAppUITests;
				PRODUCT_NAME = "$(TARGET_NAME)";
				SWIFT_VERSION = 5.0;
				TARGETED_DEVICE_FAMILY = "1,2";
				TEST_TARGET_NAME = LabelApp;
			};
			name = Release;
		};
/* End XCBuildConfiguration section */

/* Begin XCConfigurationList section */
		F3E6BB1F2333E33400B542A8 /* Build configuration list for PBXProject "LabelApp" */ = {
			isa = XCConfigurationList;
			buildConfigurations = (
				F3E6BB4A2333E33500B542A8 /* Debug */,
				F3E6BB4B2333E33500B542A8 /* Release */,
			);
			defaultConfigurationIsVisible = 0;
			defaultConfigurationName = Release;
		};
		F3E6BB4C2333E33500B542A8 /* Build configuration list for PBXNativeTarget "LabelApp" */ = {
			isa = XCConfigurationList;
			buildConfigurations = (
				F3E6BB4D2333E33500B542A8 /* Debug */,
				F3E6BB4E2333E33500B542A8 /* Release */,
			);
			defaultConfigurationIsVisible = 0;
			defaultConfigurationName = Release;
		};
		F3E6BB4F2333E33500B542A8 /* Build configuration list for PBXNativeTarget "LabelAppTests" */ = {
			isa = XCConfigurationList;
			buildConfigurations = (
				F3E6BB502333E33500B542A8 /* Debug */,
				F3E6BB512333E33500B542A8 /* Release */,
			);
			defaultConfigurationIsVisible = 0;
			defaultConfigurationName = Release;
		};
		F3E6BB522333E33500B542A8 /* Build configuration list for PBXNativeTarget "LabelAppUITests" */ = {
			isa = XCConfigurationList;
			buildConfigurations = (
				F3E6BB532333E33500B542A8 /* Debug */,
				F3E6BB542333E33500B542A8 /* Release */,
			);
			defaultConfigurationIsVisible = 0;
			defaultConfigurationName = Release;
		};
/* End XCConfigurationList section */
	};
	rootObject = F3E6BB1C2333E33400B542A8 /* Project object */;
}
